// !$*UTF8*$!
{
	archiveVersion = 1;
	classes = {
	};
	objectVersion = 46;
	objects = {

/* Begin PBXBuildFile section */
		8E50452A1BA7B2EC009D467B /* AppDelegate.swift in Sources */ = {isa = PBXBuildFile; fileRef = 8E5045291BA7B2EC009D467B /* AppDelegate.swift */; };
		8E50452F1BA7B2EC009D467B /* Main.storyboard in Resources */ = {isa = PBXBuildFile; fileRef = 8E50452D1BA7B2EC009D467B /* Main.storyboard */; };
		8E5045311BA7B2EC009D467B /* Assets.xcassets in Resources */ = {isa = PBXBuildFile; fileRef = 8E5045301BA7B2EC009D467B /* Assets.xcassets */; };
		8E50453E1BA7B9B6009D467B /* VideosViewController.swift in Sources */ = {isa = PBXBuildFile; fileRef = 8E50453D1BA7B9B6009D467B /* VideosViewController.swift */; };
		8E5045411BA7B9CD009D467B /* VideosViewControllerExtension.swift in Sources */ = {isa = PBXBuildFile; fileRef = 8E5045401BA7B9CD009D467B /* VideosViewControllerExtension.swift */; };
		8E5045441BA7BA02009D467B /* VideosCollectionViewCell.swift in Sources */ = {isa = PBXBuildFile; fileRef = 8E5045431BA7BA02009D467B /* VideosCollectionViewCell.swift */; };
		8E5045471BA7BAC5009D467B /* Video.swift in Sources */ = {isa = PBXBuildFile; fileRef = 8E5045461BA7BAC5009D467B /* Video.swift */; };
		8E50454A1BA7C093009D467B /* VideoDetailViewController.swift in Sources */ = {isa = PBXBuildFile; fileRef = 8E5045491BA7C093009D467B /* VideoDetailViewController.swift */; };
		8E50455E1BA90430009D467B /* HCYoutubeParser.m in Sources */ = {isa = PBXBuildFile; fileRef = 8E50455C1BA90430009D467B /* HCYoutubeParser.m */; };
/* End PBXBuildFile section */

/* Begin PBXFileReference section */
		8E5045261BA7B2EC009D467B /* StarcraftWatch.app */ = {isa = PBXFileReference; explicitFileType = wrapper.application; includeInIndex = 0; path = StarcraftWatch.app; sourceTree = BUILT_PRODUCTS_DIR; };
		8E5045291BA7B2EC009D467B /* AppDelegate.swift */ = {isa = PBXFileReference; lastKnownFileType = sourcecode.swift; path = AppDelegate.swift; sourceTree = "<group>"; };
		8E50452E1BA7B2EC009D467B /* Base */ = {isa = PBXFileReference; lastKnownFileType = file.storyboard; name = Base; path = Base.lproj/Main.storyboard; sourceTree = "<group>"; };
		8E5045301BA7B2EC009D467B /* Assets.xcassets */ = {isa = PBXFileReference; lastKnownFileType = folder.assetcatalog; path = Assets.xcassets; sourceTree = "<group>"; };
		8E5045321BA7B2EC009D467B /* Info.plist */ = {isa = PBXFileReference; lastKnownFileType = text.plist.xml; path = Info.plist; sourceTree = "<group>"; };
		8E50453D1BA7B9B6009D467B /* VideosViewController.swift */ = {isa = PBXFileReference; fileEncoding = 4; lastKnownFileType = sourcecode.swift; path = VideosViewController.swift; sourceTree = "<group>"; };
		8E5045401BA7B9CD009D467B /* VideosViewControllerExtension.swift */ = {isa = PBXFileReference; fileEncoding = 4; lastKnownFileType = sourcecode.swift; path = VideosViewControllerExtension.swift; sourceTree = "<group>"; };
		8E5045431BA7BA02009D467B /* VideosCollectionViewCell.swift */ = {isa = PBXFileReference; fileEncoding = 4; lastKnownFileType = sourcecode.swift; path = VideosCollectionViewCell.swift; sourceTree = "<group>"; };
		8E5045461BA7BAC5009D467B /* Video.swift */ = {isa = PBXFileReference; fileEncoding = 4; lastKnownFileType = sourcecode.swift; path = Video.swift; sourceTree = "<group>"; };
		8E5045491BA7C093009D467B /* VideoDetailViewController.swift */ = {isa = PBXFileReference; fileEncoding = 4; lastKnownFileType = sourcecode.swift; path = VideoDetailViewController.swift; sourceTree = "<group>"; };
		8E50455B1BA90430009D467B /* HCYoutubeParser.h */ = {isa = PBXFileReference; fileEncoding = 4; lastKnownFileType = sourcecode.c.h; path = HCYoutubeParser.h; sourceTree = "<group>"; };
		8E50455C1BA90430009D467B /* HCYoutubeParser.m */ = {isa = PBXFileReference; fileEncoding = 4; lastKnownFileType = sourcecode.c.objc; path = HCYoutubeParser.m; sourceTree = "<group>"; };
		8E5045601BA9055F009D467B /* StarcraftWatch-Bridging-Header.h */ = {isa = PBXFileReference; fileEncoding = 4; lastKnownFileType = sourcecode.c.h; path = "StarcraftWatch-Bridging-Header.h"; sourceTree = "<group>"; };
/* End PBXFileReference section */

/* Begin PBXFrameworksBuildPhase section */
		8E5045231BA7B2EC009D467B /* Frameworks */ = {
			isa = PBXFrameworksBuildPhase;
			buildActionMask = 2147483647;
			files = (
			);
			runOnlyForDeploymentPostprocessing = 0;
		};
/* End PBXFrameworksBuildPhase section */

/* Begin PBXGroup section */
		8E50451D1BA7B2EC009D467B = {
			isa = PBXGroup;
			children = (
				8E5045281BA7B2EC009D467B /* StarcraftWatch */,
				8E5045271BA7B2EC009D467B /* Products */,
			);
			sourceTree = "<group>";
		};
		8E5045271BA7B2EC009D467B /* Products */ = {
			isa = PBXGroup;
			children = (
				8E5045261BA7B2EC009D467B /* StarcraftWatch.app */,
			);
			name = Products;
			sourceTree = "<group>";
		};
		8E5045281BA7B2EC009D467B /* StarcraftWatch */ = {
			isa = PBXGroup;
			children = (
				8E5045291BA7B2EC009D467B /* AppDelegate.swift */,
				8E50453B1BA7B9A4009D467B /* Features */,
				8E5045451BA7BABC009D467B /* Models */,
				8E50454B1BA8FD29009D467B /* External Libraries */,
				8E50452D1BA7B2EC009D467B /* Main.storyboard */,
				8E5045301BA7B2EC009D467B /* Assets.xcassets */,
				8E5045321BA7B2EC009D467B /* Info.plist */,
				8E5045601BA9055F009D467B /* StarcraftWatch-Bridging-Header.h */,
			);
			path = StarcraftWatch;
			sourceTree = "<group>";
		};
		8E50453B1BA7B9A4009D467B /* Features */ = {
			isa = PBXGroup;
			children = (
				8E50453C1BA7B9A4009D467B /* Videos Collection */,
				8E5045481BA7BF9E009D467B /* Video Detail Page */,
			);
			path = Features;
			sourceTree = "<group>";
		};
		8E50453C1BA7B9A4009D467B /* Videos Collection */ = {
			isa = PBXGroup;
			children = (
				8E5045421BA7B9EB009D467B /* Cells */,
				8E50453F1BA7B9CD009D467B /* Extensions */,
				8E50453D1BA7B9B6009D467B /* VideosViewController.swift */,
			);
			path = "Videos Collection";
			sourceTree = "<group>";
		};
		8E50453F1BA7B9CD009D467B /* Extensions */ = {
			isa = PBXGroup;
			children = (
				8E5045401BA7B9CD009D467B /* VideosViewControllerExtension.swift */,
			);
			path = Extensions;
			sourceTree = "<group>";
		};
		8E5045421BA7B9EB009D467B /* Cells */ = {
			isa = PBXGroup;
			children = (
				8E5045431BA7BA02009D467B /* VideosCollectionViewCell.swift */,
			);
			path = Cells;
			sourceTree = "<group>";
		};
		8E5045451BA7BABC009D467B /* Models */ = {
			isa = PBXGroup;
			children = (
				8E5045461BA7BAC5009D467B /* Video.swift */,
			);
			path = Models;
			sourceTree = "<group>";
		};
		8E5045481BA7BF9E009D467B /* Video Detail Page */ = {
			isa = PBXGroup;
			children = (
				8E5045491BA7C093009D467B /* VideoDetailViewController.swift */,
			);
			path = "Video Detail Page";
			sourceTree = "<group>";
		};
		8E50454B1BA8FD29009D467B /* External Libraries */ = {
			isa = PBXGroup;
			children = (
				8E5045591BA90430009D467B /* HCYoutubeParser */,
			);
			path = "External Libraries";
			sourceTree = "<group>";
		};
		8E5045591BA90430009D467B /* HCYoutubeParser */ = {
			isa = PBXGroup;
			children = (
				8E50455B1BA90430009D467B /* HCYoutubeParser.h */,
				8E50455C1BA90430009D467B /* HCYoutubeParser.m */,
			);
			path = HCYoutubeParser;
			sourceTree = "<group>";
		};
/* End PBXGroup section */

/* Begin PBXNativeTarget section */
		8E5045251BA7B2EC009D467B /* StarcraftWatch */ = {
			isa = PBXNativeTarget;
			buildConfigurationList = 8E5045351BA7B2EC009D467B /* Build configuration list for PBXNativeTarget "StarcraftWatch" */;
			buildPhases = (
				8E5045221BA7B2EC009D467B /* Sources */,
				8E5045231BA7B2EC009D467B /* Frameworks */,
				8E5045241BA7B2EC009D467B /* Resources */,
			);
			buildRules = (
			);
			dependencies = (
			);
			name = StarcraftWatch;
			productName = StarcraftWatch;
			productReference = 8E5045261BA7B2EC009D467B /* StarcraftWatch.app */;
			productType = "com.apple.product-type.application";
		};
/* End PBXNativeTarget section */

/* Begin PBXProject section */
		8E50451E1BA7B2EC009D467B /* Project object */ = {
			isa = PBXProject;
			attributes = {
				LastUpgradeCheck = 0710;
				ORGANIZATIONNAME = "Prolific Interactive";
				TargetAttributes = {
					8E5045251BA7B2EC009D467B = {
						CreatedOnToolsVersion = 7.1;
						DevelopmentTeam = 5ZZ7W4SB26;
					};
				};
			};
			buildConfigurationList = 8E5045211BA7B2EC009D467B /* Build configuration list for PBXProject "StarcraftWatch" */;
			compatibilityVersion = "Xcode 3.2";
			developmentRegion = English;
			hasScannedForEncodings = 0;
			knownRegions = (
				en,
				Base,
			);
			mainGroup = 8E50451D1BA7B2EC009D467B;
			productRefGroup = 8E5045271BA7B2EC009D467B /* Products */;
			projectDirPath = "";
			projectRoot = "";
			targets = (
				8E5045251BA7B2EC009D467B /* StarcraftWatch */,
			);
		};
/* End PBXProject section */

/* Begin PBXResourcesBuildPhase section */
		8E5045241BA7B2EC009D467B /* Resources */ = {
			isa = PBXResourcesBuildPhase;
			buildActionMask = 2147483647;
			files = (
				8E5045311BA7B2EC009D467B /* Assets.xcassets in Resources */,
				8E50452F1BA7B2EC009D467B /* Main.storyboard in Resources */,
			);
			runOnlyForDeploymentPostprocessing = 0;
		};
/* End PBXResourcesBuildPhase section */

/* Begin PBXSourcesBuildPhase section */
		8E5045221BA7B2EC009D467B /* Sources */ = {
			isa = PBXSourcesBuildPhase;
			buildActionMask = 2147483647;
			files = (
				8E50453E1BA7B9B6009D467B /* VideosViewController.swift in Sources */,
				8E50454A1BA7C093009D467B /* VideoDetailViewController.swift in Sources */,
				8E5045411BA7B9CD009D467B /* VideosViewControllerExtension.swift in Sources */,
				8E5045441BA7BA02009D467B /* VideosCollectionViewCell.swift in Sources */,
				8E50455E1BA90430009D467B /* HCYoutubeParser.m in Sources */,
				8E50452A1BA7B2EC009D467B /* AppDelegate.swift in Sources */,
				8E5045471BA7BAC5009D467B /* Video.swift in Sources */,
			);
			runOnlyForDeploymentPostprocessing = 0;
		};
/* End PBXSourcesBuildPhase section */

/* Begin PBXVariantGroup section */
		8E50452D1BA7B2EC009D467B /* Main.storyboard */ = {
			isa = PBXVariantGroup;
			children = (
				8E50452E1BA7B2EC009D467B /* Base */,
			);
			name = Main.storyboard;
			sourceTree = "<group>";
		};
/* End PBXVariantGroup section */

/* Begin XCBuildConfiguration section */
		8E5045331BA7B2EC009D467B /* Debug */ = {
			isa = XCBuildConfiguration;
			buildSettings = {
				ALWAYS_SEARCH_USER_PATHS = NO;
				CLANG_CXX_LANGUAGE_STANDARD = "gnu++0x";
				CLANG_CXX_LIBRARY = "libc++";
				CLANG_ENABLE_MODULES = YES;
				CLANG_ENABLE_OBJC_ARC = YES;
				CLANG_WARN_BOOL_CONVERSION = YES;
				CLANG_WARN_CONSTANT_CONVERSION = YES;
				CLANG_WARN_DIRECT_OBJC_ISA_USAGE = YES_ERROR;
				CLANG_WARN_EMPTY_BODY = YES;
				CLANG_WARN_ENUM_CONVERSION = YES;
				CLANG_WARN_INT_CONVERSION = YES;
				CLANG_WARN_OBJC_ROOT_CLASS = YES_ERROR;
				CLANG_WARN_UNREACHABLE_CODE = YES;
				CLANG_WARN__DUPLICATE_METHOD_MATCH = YES;
				COPY_PHASE_STRIP = NO;
				DEBUG_INFORMATION_FORMAT = dwarf;
				ENABLE_STRICT_OBJC_MSGSEND = YES;
				ENABLE_TESTABILITY = YES;
				GCC_C_LANGUAGE_STANDARD = gnu99;
				GCC_DYNAMIC_NO_PIC = NO;
				GCC_NO_COMMON_BLOCKS = YES;
				GCC_OPTIMIZATION_LEVEL = 0;
				GCC_PREPROCESSOR_DEFINITIONS = (
					"DEBUG=1",
					"$(inherited)",
				);
				GCC_WARN_64_TO_32_BIT_CONVERSION = YES;
				GCC_WARN_ABOUT_RETURN_TYPE = YES_ERROR;
				GCC_WARN_UNDECLARED_SELECTOR = YES;
				GCC_WARN_UNINITIALIZED_AUTOS = YES_AGGRESSIVE;
				GCC_WARN_UNUSED_FUNCTION = YES;
				GCC_WARN_UNUSED_VARIABLE = YES;
				MTL_ENABLE_DEBUG_INFO = YES;
				ONLY_ACTIVE_ARCH = YES;
				SDKROOT = appletvos;
				SWIFT_OPTIMIZATION_LEVEL = "-Onone";
				TARGETED_DEVICE_FAMILY = 3;
				TVOS_DEPLOYMENT_TARGET = 9.0;
			};
			name = Debug;
		};
		8E5045341BA7B2EC009D467B /* Release */ = {
			isa = XCBuildConfiguration;
			buildSettings = {
				ALWAYS_SEARCH_USER_PATHS = NO;
				CLANG_CXX_LANGUAGE_STANDARD = "gnu++0x";
				CLANG_CXX_LIBRARY = "libc++";
				CLANG_ENABLE_MODULES = YES;
				CLANG_ENABLE_OBJC_ARC = YES;
				CLANG_WARN_BOOL_CONVERSION = YES;
				CLANG_WARN_CONSTANT_CONVERSION = YES;
				CLANG_WARN_DIRECT_OBJC_ISA_USAGE = YES_ERROR;
				CLANG_WARN_EMPTY_BODY = YES;
				CLANG_WARN_ENUM_CONVERSION = YES;
				CLANG_WARN_INT_CONVERSION = YES;
				CLANG_WARN_OBJC_ROOT_CLASS = YES_ERROR;
				CLANG_WARN_UNREACHABLE_CODE = YES;
				CLANG_WARN__DUPLICATE_METHOD_MATCH = YES;
				COPY_PHASE_STRIP = NO;
				DEBUG_INFORMATION_FORMAT = "dwarf-with-dsym";
				ENABLE_NS_ASSERTIONS = NO;
				ENABLE_STRICT_OBJC_MSGSEND = YES;
				GCC_C_LANGUAGE_STANDARD = gnu99;
				GCC_NO_COMMON_BLOCKS = YES;
				GCC_WARN_64_TO_32_BIT_CONVERSION = YES;
				GCC_WARN_ABOUT_RETURN_TYPE = YES_ERROR;
				GCC_WARN_UNDECLARED_SELECTOR = YES;
				GCC_WARN_UNINITIALIZED_AUTOS = YES_AGGRESSIVE;
				GCC_WARN_UNUSED_FUNCTION = YES;
				GCC_WARN_UNUSED_VARIABLE = YES;
				MTL_ENABLE_DEBUG_INFO = NO;
				SDKROOT = appletvos;
				TARGETED_DEVICE_FAMILY = 3;
				TVOS_DEPLOYMENT_TARGET = 9.0;
				VALIDATE_PRODUCT = YES;
			};
			name = Release;
		};
		8E5045361BA7B2EC009D467B /* Debug */ = {
			isa = XCBuildConfiguration;
			buildSettings = {
				ALWAYS_SEARCH_USER_PATHS = YES;
				ASSETCATALOG_COMPILER_APPICON_NAME = "App Icon & Top Shelf Image";
				ASSETCATALOG_COMPILER_LAUNCHIMAGE_NAME = LaunchImage;
				CODE_SIGN_IDENTITY = "";
				DEFINES_MODULE = YES;
				INFOPLIST_FILE = StarcraftWatch/Info.plist;
				LD_RUNPATH_SEARCH_PATHS = "$(inherited) @executable_path/Frameworks";
				PRODUCT_BUNDLE_IDENTIFIER = com.prolificinteractive.StarcraftWatch;
				PRODUCT_NAME = "$(TARGET_NAME)";
				PROVISIONING_PROFILE = "c7b982f3-86ac-4fe3-8690-96aa04fd5fab";
				SWIFT_OBJC_BRIDGING_HEADER = "./StarcraftWatch/$(PROJECT_NAME)-Bridging-Header.h";
				USER_HEADER_SEARCH_PATHS = "$(SRCROOT)/$(PROJECT_NAME)";
			};
			name = Debug;
		};
		8E5045371BA7B2EC009D467B /* Release */ = {
			isa = XCBuildConfiguration;
			buildSettings = {
				ALWAYS_SEARCH_USER_PATHS = YES;
				ASSETCATALOG_COMPILER_APPICON_NAME = "App Icon & Top Shelf Image";
				ASSETCATALOG_COMPILER_LAUNCHIMAGE_NAME = LaunchImage;
				CODE_SIGN_IDENTITY = "";
				DEFINES_MODULE = YES;
				INFOPLIST_FILE = StarcraftWatch/Info.plist;
				LD_RUNPATH_SEARCH_PATHS = "$(inherited) @executable_path/Frameworks";
				PRODUCT_BUNDLE_IDENTIFIER = com.prolificinteractive.StarcraftWatch;
				PRODUCT_NAME = "$(TARGET_NAME)";
				PROVISIONING_PROFILE = "c7b982f3-86ac-4fe3-8690-96aa04fd5fab";
				SWIFT_OBJC_BRIDGING_HEADER = "./StarcraftWatch/$(PROJECT_NAME)-Bridging-Header.h";
				USER_HEADER_SEARCH_PATHS = "$(SRCROOT)/$(PROJECT_NAME)";
			};
			name = Release;
		};
/* End XCBuildConfiguration section */

/* Begin XCConfigurationList section */
		8E5045211BA7B2EC009D467B /* Build configuration list for PBXProject "StarcraftWatch" */ = {
			isa = XCConfigurationList;
			buildConfigurations = (
				8E5045331BA7B2EC009D467B /* Debug */,
				8E5045341BA7B2EC009D467B /* Release */,
			);
			defaultConfigurationIsVisible = 0;
			defaultConfigurationName = Release;
		};
		8E5045351BA7B2EC009D467B /* Build configuration list for PBXNativeTarget "StarcraftWatch" */ = {
			isa = XCConfigurationList;
			buildConfigurations = (
				8E5045361BA7B2EC009D467B /* Debug */,
				8E5045371BA7B2EC009D467B /* Release */,
			);
			defaultConfigurationIsVisible = 0;
			defaultConfigurationName = Release;
		};
/* End XCConfigurationList section */
	};
	rootObject = 8E50451E1BA7B2EC009D467B /* Project object */;
}
